
Microsoft Visual Studio Solution File, Format Version 12.00
Project("{2150E333-8FDC-42A3-9474-1A3956D46DE8}") = "Presentation", "Presentation", "{8B716566-408A-4862-AF05-D5EAD62EDAEA}"
ProjectSection(SolutionItems) = preProject
	BaseRepository.cs = BaseRepository.cs
EndProjectSection
EndProject
Project("{2150E333-8FDC-42A3-9474-1A3956D46DE8}") = "Infrastructure", "Infrastructure", "{D9A4BA41-D30D-44A7-B042-B451ED42A6BA}"
EndProject
Project("{2150E333-8FDC-42A3-9474-1A3956D46DE8}") = "Core", "Core", "{10C71F14-53EF-459A-BA44-5C4BFA1503A8}"
EndProject
Project("{FAE04EC0-301F-11D3-BF4B-00C04F79EFBC}") = "Notebook.Api", "Notebook.Api\Notebook.Api.csproj", "{01977A49-1A2C-4140-83A9-D737D02CC379}"
EndProject
Project("{FAE04EC0-301F-11D3-BF4B-00C04F79EFBC}") = "Notebook.Domain", "Notebook.Domain\Notebook.Domain.csproj", "{867B40B2-D031-4205-AD20-E3942B3A1910}"
EndProject
Project("{FAE04EC0-301F-11D3-BF4B-00C04F79EFBC}") = "Notebook.DAL", "Notebook.DAL\Notebook.DAL.csproj", "{D6CDC956-06ED-4D9E-86DC-E697C73B541E}"
EndProject
Global
	GlobalSection(SolutionConfigurationPlatforms) = preSolution
		Debug|Any CPU = Debug|Any CPU
		Release|Any CPU = Release|Any CPU
	EndGlobalSection
	GlobalSection(NestedProjects) = preSolution
		{01977A49-1A2C-4140-83A9-D737D02CC379} = {8B716566-408A-4862-AF05-D5EAD62EDAEA}
		{867B40B2-D031-4205-AD20-E3942B3A1910} = {10C71F14-53EF-459A-BA44-5C4BFA1503A8}
		{D6CDC956-06ED-4D9E-86DC-E697C73B541E} = {D9A4BA41-D30D-44A7-B042-B451ED42A6BA}
	EndGlobalSection
	GlobalSection(ProjectConfigurationPlatforms) = postSolution
		{01977A49-1A2C-4140-83A9-D737D02CC379}.Debug|Any CPU.ActiveCfg = Debug|Any CPU
		{01977A49-1A2C-4140-83A9-D737D02CC379}.Debug|Any CPU.Build.0 = Debug|Any CPU
		{01977A49-1A2C-4140-83A9-D737D02CC379}.Release|Any CPU.ActiveCfg = Release|Any CPU
		{01977A49-1A2C-4140-83A9-D737D02CC379}.Release|Any CPU.Build.0 = Release|Any CPU
		{867B40B2-D031-4205-AD20-E3942B3A1910}.Debug|Any CPU.ActiveCfg = Debug|Any CPU
		{867B40B2-D031-4205-AD20-E3942B3A1910}.Debug|Any CPU.Build.0 = Debug|Any CPU
		{867B40B2-D031-4205-AD20-E3942B3A1910}.Release|Any CPU.ActiveCfg = Release|Any CPU
		{867B40B2-D031-4205-AD20-E3942B3A1910}.Release|Any CPU.Build.0 = Release|Any CPU
		{D6CDC956-06ED-4D9E-86DC-E697C73B541E}.Debug|Any CPU.ActiveCfg = Debug|Any CPU
		{D6CDC956-06ED-4D9E-86DC-E697C73B541E}.Debug|Any CPU.Build.0 = Debug|Any CPU
		{D6CDC956-06ED-4D9E-86DC-E697C73B541E}.Release|Any CPU.ActiveCfg = Release|Any CPU
		{D6CDC956-06ED-4D9E-86DC-E697C73B541E}.Release|Any CPU.Build.0 = Release|Any CPU
	EndGlobalSection
EndGlobal
