
Microsoft Visual Studio Solution File, Format Version 12.00
Project("{2150E333-8FDC-42A3-9474-1A3956D46DE8}") = "Presentation", "Presentation", "{8B716566-408A-4862-AF05-D5EAD62EDAEA}"
EndProject
Project("{2150E333-8FDC-42A3-9474-1A3956D46DE8}") = "Infrastructure", "Infrastructure", "{D9A4BA41-D30D-44A7-B042-B451ED42A6BA}"
EndProject
Project("{2150E333-8FDC-42A3-9474-1A3956D46DE8}") = "Core", "Core", "{10C71F14-53EF-459A-BA44-5C4BFA1503A8}"
EndProject
Project("{FAE04EC0-301F-11D3-BF4B-00C04F79EFBC}") = "Notebook.Api", "Notebook.Api\Notebook.Api.csproj", "{01977A49-1A2C-4140-83A9-D737D02CC379}"
EndProject
Project("{FAE04EC0-301F-11D3-BF4B-00C04F79EFBC}") = "Notebook.Domain", "Notebook.Domain\Notebook.Domain.csproj", "{867B40B2-D031-4205-AD20-E3942B3A1910}"
EndProject
Project("{FAE04EC0-301F-11D3-BF4B-00C04F79EFBC}") = "Notebook.DAL", "Notebook.DAL\Notebook.DAL.csproj", "{D6CDC956-06ED-4D9E-86DC-E697C73B541E}"
EndProject
Project("{FAE04EC0-301F-11D3-BF4B-00C04F79EFBC}") = "Notebook.Application", "Notebook.Application\Notebook.Application.csproj", "{0407D307-1086-4568-A266-F0570F625DA6}"
EndProject
Project("{FAE04EC0-301F-11D3-BF4B-00C04F79EFBC}") = "Notebook.Producer", "Notebook.Producer\Notebook.Producer.csproj", "{75135BA2-F0BC-4FC4-8B22-3D2C18487712}"
EndProject
Project("{FAE04EC0-301F-11D3-BF4B-00C04F79EFBC}") = "Notebook.Consumer", "Notebook.Consumer\Notebook.Consumer.csproj", "{F8FA473A-2A3D-43D5-829D-9EC42664FDA1}"
EndProject
Project("{2150E333-8FDC-42A3-9474-1A3956D46DE8}") = "Test", "Test", "{0E64DA88-FDA0-4A6B-B359-1CDA166F3511}"
EndProject
Project("{FAE04EC0-301F-11D3-BF4B-00C04F79EFBC}") = "Notebook.Test", "Notebook.Test\Notebook.Test.csproj", "{06662978-CD34-4CB7-942E-CDA8E24937B3}"
EndProject
Project("{2150E333-8FDC-42A3-9474-1A3956D46DE8}") = "Solution Items", "Solution Items", "{D2C1CDD6-5ED8-4D13-B3E1-C849E69967D8}"
ProjectSection(SolutionItems) = preProject
	docker-compose.yml = docker-compose.yml
	prometheus.yml = prometheus.yml
EndProjectSection
EndProject
Global
	GlobalSection(SolutionConfigurationPlatforms) = preSolution
		Debug|Any CPU = Debug|Any CPU
		Release|Any CPU = Release|Any CPU
	EndGlobalSection
	GlobalSection(NestedProjects) = preSolution
		{01977A49-1A2C-4140-83A9-D737D02CC379} = {8B716566-408A-4862-AF05-D5EAD62EDAEA}
		{867B40B2-D031-4205-AD20-E3942B3A1910} = {10C71F14-53EF-459A-BA44-5C4BFA1503A8}
		{D6CDC956-06ED-4D9E-86DC-E697C73B541E} = {D9A4BA41-D30D-44A7-B042-B451ED42A6BA}
		{0407D307-1086-4568-A266-F0570F625DA6} = {10C71F14-53EF-459A-BA44-5C4BFA1503A8}
		{75135BA2-F0BC-4FC4-8B22-3D2C18487712} = {D9A4BA41-D30D-44A7-B042-B451ED42A6BA}
		{F8FA473A-2A3D-43D5-829D-9EC42664FDA1} = {D9A4BA41-D30D-44A7-B042-B451ED42A6BA}
		{06662978-CD34-4CB7-942E-CDA8E24937B3} = {0E64DA88-FDA0-4A6B-B359-1CDA166F3511}
	EndGlobalSection
	GlobalSection(ProjectConfigurationPlatforms) = postSolution
		{01977A49-1A2C-4140-83A9-D737D02CC379}.Debug|Any CPU.ActiveCfg = Debug|Any CPU
		{01977A49-1A2C-4140-83A9-D737D02CC379}.Debug|Any CPU.Build.0 = Debug|Any CPU
		{01977A49-1A2C-4140-83A9-D737D02CC379}.Release|Any CPU.ActiveCfg = Release|Any CPU
		{01977A49-1A2C-4140-83A9-D737D02CC379}.Release|Any CPU.Build.0 = Release|Any CPU
		{867B40B2-D031-4205-AD20-E3942B3A1910}.Debug|Any CPU.ActiveCfg = Debug|Any CPU
		{867B40B2-D031-4205-AD20-E3942B3A1910}.Debug|Any CPU.Build.0 = Debug|Any CPU
		{867B40B2-D031-4205-AD20-E3942B3A1910}.Release|Any CPU.ActiveCfg = Release|Any CPU
		{867B40B2-D031-4205-AD20-E3942B3A1910}.Release|Any CPU.Build.0 = Release|Any CPU
		{D6CDC956-06ED-4D9E-86DC-E697C73B541E}.Debug|Any CPU.ActiveCfg = Debug|Any CPU
		{D6CDC956-06ED-4D9E-86DC-E697C73B541E}.Debug|Any CPU.Build.0 = Debug|Any CPU
		{D6CDC956-06ED-4D9E-86DC-E697C73B541E}.Release|Any CPU.ActiveCfg = Release|Any CPU
		{D6CDC956-06ED-4D9E-86DC-E697C73B541E}.Release|Any CPU.Build.0 = Release|Any CPU
		{0407D307-1086-4568-A266-F0570F625DA6}.Debug|Any CPU.ActiveCfg = Debug|Any CPU
		{0407D307-1086-4568-A266-F0570F625DA6}.Debug|Any CPU.Build.0 = Debug|Any CPU
		{0407D307-1086-4568-A266-F0570F625DA6}.Release|Any CPU.ActiveCfg = Release|Any CPU
		{0407D307-1086-4568-A266-F0570F625DA6}.Release|Any CPU.Build.0 = Release|Any CPU
		{75135BA2-F0BC-4FC4-8B22-3D2C18487712}.Debug|Any CPU.ActiveCfg = Debug|Any CPU
		{75135BA2-F0BC-4FC4-8B22-3D2C18487712}.Debug|Any CPU.Build.0 = Debug|Any CPU
		{75135BA2-F0BC-4FC4-8B22-3D2C18487712}.Release|Any CPU.ActiveCfg = Release|Any CPU
		{75135BA2-F0BC-4FC4-8B22-3D2C18487712}.Release|Any CPU.Build.0 = Release|Any CPU
		{F8FA473A-2A3D-43D5-829D-9EC42664FDA1}.Debug|Any CPU.ActiveCfg = Debug|Any CPU
		{F8FA473A-2A3D-43D5-829D-9EC42664FDA1}.Debug|Any CPU.Build.0 = Debug|Any CPU
		{F8FA473A-2A3D-43D5-829D-9EC42664FDA1}.Release|Any CPU.ActiveCfg = Release|Any CPU
		{F8FA473A-2A3D-43D5-829D-9EC42664FDA1}.Release|Any CPU.Build.0 = Release|Any CPU
		{06662978-CD34-4CB7-942E-CDA8E24937B3}.Debug|Any CPU.ActiveCfg = Debug|Any CPU
		{06662978-CD34-4CB7-942E-CDA8E24937B3}.Debug|Any CPU.Build.0 = Debug|Any CPU
		{06662978-CD34-4CB7-942E-CDA8E24937B3}.Release|Any CPU.ActiveCfg = Release|Any CPU
		{06662978-CD34-4CB7-942E-CDA8E24937B3}.Release|Any CPU.Build.0 = Release|Any CPU
	EndGlobalSection
EndGlobal
